
Microsoft Visual Studio Solution File, Format Version 12.00
# Visual Studio Version 17
VisualStudioVersion = 17.13.35931.197 d17.13
MinimumVisualStudioVersion = 10.0.40219.1
Project("{FAE04EC0-301F-11D3-BF4B-00C04F79EFBC}") = "DemExam2", "DemExam2\DemExam2.csproj", "{09B724B6-74ED-46CA-B3A4-CBC662FE6496}"
EndProject
Global
	GlobalSection(SolutionConfigurationPlatforms) = preSolution
		Debug|Any CPU = Debug|Any CPU
		Release|Any CPU = Release|Any CPU
	EndGlobalSection
	GlobalSection(ProjectConfigurationPlatforms) = postSolution
		{09B724B6-74ED-46CA-B3A4-CBC662FE6496}.Debug|Any CPU.ActiveCfg = Debug|Any CPU
		{09B724B6-74ED-46CA-B3A4-CBC662FE6496}.Debug|Any CPU.Build.0 = Debug|Any CPU
		{09B724B6-74ED-46CA-B3A4-CBC662FE6496}.Release|Any CPU.ActiveCfg = Release|Any CPU
		{09B724B6-74ED-46CA-B3A4-CBC662FE6496}.Release|Any CPU.Build.0 = Release|Any CPU
	EndGlobalSection
	GlobalSection(SolutionProperties) = preSolution
		HideSolutionNode = FALSE
	EndGlobalSection
	GlobalSection(ExtensibilityGlobals) = postSolution
		SolutionGuid = {4AED4197-5C26-440C-92B2-E6EAED194EC4}
	EndGlobalSection
EndGlobal
